
Microsoft Visual Studio Solution File, Format Version 12.00
# Visual Studio Version 17
VisualStudioVersion = 17.3.32901.215
MinimumVisualStudioVersion = 10.0.40219.1
Project("{FAE04EC0-301F-11D3-BF4B-00C04F79EFBC}") = "ConsoleApp1", "ConsoleApp1.csproj", "{2A3C2CBD-1BE9-45D0-B0E5-96F95CD2360C}"
EndProject
Global
	GlobalSection(SolutionConfigurationPlatforms) = preSolution
		Debug|Any CPU = Debug|Any CPU
		Release|Any CPU = Release|Any CPU
	EndGlobalSection
	GlobalSection(ProjectConfigurationPlatforms) = postSolution
		{2A3C2CBD-1BE9-45D0-B0E5-96F95CD2360C}.Debug|Any CPU.ActiveCfg = Debug|Any CPU
		{2A3C2CBD-1BE9-45D0-B0E5-96F95CD2360C}.Debug|Any CPU.Build.0 = Debug|Any CPU
		{2A3C2CBD-1BE9-45D0-B0E5-96F95CD2360C}.Release|Any CPU.ActiveCfg = Release|Any CPU
		{2A3C2CBD-1BE9-45D0-B0E5-96F95CD2360C}.Release|Any CPU.Build.0 = Release|Any CPU
	EndGlobalSection
	GlobalSection(SolutionProperties) = preSolution
		HideSolutionNode = FALSE
	EndGlobalSection
	GlobalSection(ExtensibilityGlobals) = postSolution
		SolutionGuid = {E0C075B0-1A19-4F18-92A5-95F3F233709C}
	EndGlobalSection
EndGlobal
